// !$*UTF8*$!
{
	archiveVersion = 1;
	classes = {
	};
	objectVersion = 51;
	objects = {

/* Begin PBXBuildFile section */
		27A0B8D838547504F72D5B4B /* Pods_Meditat.framework in Frameworks */ = {isa = PBXBuildFile; fileRef = D82678FC919EB33BA883C5DE /* Pods_Meditat.framework */; };
		D903B41A2662100D001FD7EA /* PlayerPresenter.swift in Sources */ = {isa = PBXBuildFile; fileRef = D903B4192662100D001FD7EA /* PlayerPresenter.swift */; };
		D93F4F9626748F8A00F69C14 /* CongratsView.swift in Sources */ = {isa = PBXBuildFile; fileRef = D93F4F9526748F8A00F69C14 /* CongratsView.swift */; };
		D93F4F992674A7A000F69C14 /* CongratsPresenter.swift in Sources */ = {isa = PBXBuildFile; fileRef = D93F4F982674A7A000F69C14 /* CongratsPresenter.swift */; };
		D93F4FC32677723300F69C14 /* MeditatCoreData.xcdatamodeld in Sources */ = {isa = PBXBuildFile; fileRef = D93F4FC12677723300F69C14 /* MeditatCoreData.xcdatamodeld */; };
		D93F4FC626778A2600F69C14 /* MePresenter.swift in Sources */ = {isa = PBXBuildFile; fileRef = D93F4FC526778A2600F69C14 /* MePresenter.swift */; };
		D961250F25DF7A2A00B80C42 /* AppDelegate.swift in Sources */ = {isa = PBXBuildFile; fileRef = D961250E25DF7A2A00B80C42 /* AppDelegate.swift */; };
		D961251125DF7A2A00B80C42 /* SceneDelegate.swift in Sources */ = {isa = PBXBuildFile; fileRef = D961251025DF7A2A00B80C42 /* SceneDelegate.swift */; };
		D961251325DF7A2A00B80C42 /* MeditationView.swift in Sources */ = {isa = PBXBuildFile; fileRef = D961251225DF7A2A00B80C42 /* MeditationView.swift */; };
		D961251825DF7A3000B80C42 /* Assets.xcassets in Resources */ = {isa = PBXBuildFile; fileRef = D961251725DF7A3000B80C42 /* Assets.xcassets */; };
		D961251B25DF7A3000B80C42 /* LaunchScreen.storyboard in Resources */ = {isa = PBXBuildFile; fileRef = D961251925DF7A3000B80C42 /* LaunchScreen.storyboard */; };
		D961547325E3B9BE00DF06FA /* SubcategoryView.swift in Sources */ = {isa = PBXBuildFile; fileRef = D961547225E3B9BE00DF06FA /* SubcategoryView.swift */; };
		D961547725E3BADD00DF06FA /* SubcatModel.swift in Sources */ = {isa = PBXBuildFile; fileRef = D961547625E3BADD00DF06FA /* SubcatModel.swift */; };
		D961547E25E3E07800DF06FA /* TableViewCell.swift in Sources */ = {isa = PBXBuildFile; fileRef = D961547D25E3E07800DF06FA /* TableViewCell.swift */; };
		D97C0F7F267B6BC0000CD444 /* SessionModel.swift in Sources */ = {isa = PBXBuildFile; fileRef = D97C0F7E267B6BC0000CD444 /* SessionModel.swift */; };
		D9809C1125DF7E5200DF52BF /* MeView.swift in Sources */ = {isa = PBXBuildFile; fileRef = D9809C1025DF7E5200DF52BF /* MeView.swift */; };
		D9809C1425DF7E9600DF52BF /* SettingsView.swift in Sources */ = {isa = PBXBuildFile; fileRef = D9809C1325DF7E9600DF52BF /* SettingsView.swift */; };
		D9809C1725DF7F7B00DF52BF /* TabBarController.swift in Sources */ = {isa = PBXBuildFile; fileRef = D9809C1625DF7F7B00DF52BF /* TabBarController.swift */; };
		D9809C1D25DFD9D800DF52BF /* Button.swift in Sources */ = {isa = PBXBuildFile; fileRef = D9809C1C25DFD9D800DF52BF /* Button.swift */; };
		D9809C4625E14EF300DF52BF /* GoogleService-Info.plist in Resources */ = {isa = PBXBuildFile; fileRef = D9809C4525E14EF300DF52BF /* GoogleService-Info.plist */; };
		D9B8BA1725FF5E5D001D91CD /* PlayerView.swift in Sources */ = {isa = PBXBuildFile; fileRef = D9B8BA1625FF5E5D001D91CD /* PlayerView.swift */; };
		D9B8BA1E2600582F001D91CD /* AudioToolbox.framework in Frameworks */ = {isa = PBXBuildFile; fileRef = D9B8BA1D2600582F001D91CD /* AudioToolbox.framework */; };
/* End PBXBuildFile section */

/* Begin PBXFileReference section */
		1EDF643001249FD7277BC50A /* Pods-Meditat.debug.xcconfig */ = {isa = PBXFileReference; includeInIndex = 1; lastKnownFileType = text.xcconfig; name = "Pods-Meditat.debug.xcconfig"; path = "Target Support Files/Pods-Meditat/Pods-Meditat.debug.xcconfig"; sourceTree = "<group>"; };
		40C5C875D9F047FB6D9E28CC /* Pods-Meditat.release.xcconfig */ = {isa = PBXFileReference; includeInIndex = 1; lastKnownFileType = text.xcconfig; name = "Pods-Meditat.release.xcconfig"; path = "Target Support Files/Pods-Meditat/Pods-Meditat.release.xcconfig"; sourceTree = "<group>"; };
		D82678FC919EB33BA883C5DE /* Pods_Meditat.framework */ = {isa = PBXFileReference; explicitFileType = wrapper.framework; includeInIndex = 0; path = Pods_Meditat.framework; sourceTree = BUILT_PRODUCTS_DIR; };
		D903B4192662100D001FD7EA /* PlayerPresenter.swift */ = {isa = PBXFileReference; lastKnownFileType = sourcecode.swift; path = PlayerPresenter.swift; sourceTree = "<group>"; };
		D93F4F9526748F8A00F69C14 /* CongratsView.swift */ = {isa = PBXFileReference; lastKnownFileType = sourcecode.swift; path = CongratsView.swift; sourceTree = "<group>"; };
		D93F4F982674A7A000F69C14 /* CongratsPresenter.swift */ = {isa = PBXFileReference; lastKnownFileType = sourcecode.swift; path = CongratsPresenter.swift; sourceTree = "<group>"; };
		D93F4FC22677723300F69C14 /* MeditatCoreData.xcdatamodel */ = {isa = PBXFileReference; lastKnownFileType = wrapper.xcdatamodel; path = MeditatCoreData.xcdatamodel; sourceTree = "<group>"; };
		D93F4FC526778A2600F69C14 /* MePresenter.swift */ = {isa = PBXFileReference; lastKnownFileType = sourcecode.swift; path = MePresenter.swift; sourceTree = "<group>"; };
		D961250B25DF7A2A00B80C42 /* Meditat.app */ = {isa = PBXFileReference; explicitFileType = wrapper.application; includeInIndex = 0; path = Meditat.app; sourceTree = BUILT_PRODUCTS_DIR; };
		D961250E25DF7A2A00B80C42 /* AppDelegate.swift */ = {isa = PBXFileReference; lastKnownFileType = sourcecode.swift; path = AppDelegate.swift; sourceTree = "<group>"; };
		D961251025DF7A2A00B80C42 /* SceneDelegate.swift */ = {isa = PBXFileReference; lastKnownFileType = sourcecode.swift; path = SceneDelegate.swift; sourceTree = "<group>"; };
		D961251225DF7A2A00B80C42 /* MeditationView.swift */ = {isa = PBXFileReference; lastKnownFileType = sourcecode.swift; path = MeditationView.swift; sourceTree = "<group>"; };
		D961251725DF7A3000B80C42 /* Assets.xcassets */ = {isa = PBXFileReference; lastKnownFileType = folder.assetcatalog; path = Assets.xcassets; sourceTree = "<group>"; };
		D961251A25DF7A3000B80C42 /* Base */ = {isa = PBXFileReference; lastKnownFileType = file.storyboard; name = Base; path = Base.lproj/LaunchScreen.storyboard; sourceTree = "<group>"; };
		D961251C25DF7A3000B80C42 /* Info.plist */ = {isa = PBXFileReference; lastKnownFileType = text.plist.xml; path = Info.plist; sourceTree = "<group>"; };
		D961547225E3B9BE00DF06FA /* SubcategoryView.swift */ = {isa = PBXFileReference; lastKnownFileType = sourcecode.swift; path = SubcategoryView.swift; sourceTree = "<group>"; };
		D961547625E3BADD00DF06FA /* SubcatModel.swift */ = {isa = PBXFileReference; lastKnownFileType = sourcecode.swift; path = SubcatModel.swift; sourceTree = "<group>"; };
		D961547D25E3E07800DF06FA /* TableViewCell.swift */ = {isa = PBXFileReference; lastKnownFileType = sourcecode.swift; path = TableViewCell.swift; sourceTree = "<group>"; };
		D97C0F7E267B6BC0000CD444 /* SessionModel.swift */ = {isa = PBXFileReference; lastKnownFileType = sourcecode.swift; path = SessionModel.swift; sourceTree = "<group>"; };
		D9809C1025DF7E5200DF52BF /* MeView.swift */ = {isa = PBXFileReference; lastKnownFileType = sourcecode.swift; path = MeView.swift; sourceTree = "<group>"; };
		D9809C1325DF7E9600DF52BF /* SettingsView.swift */ = {isa = PBXFileReference; lastKnownFileType = sourcecode.swift; path = SettingsView.swift; sourceTree = "<group>"; };
		D9809C1625DF7F7B00DF52BF /* TabBarController.swift */ = {isa = PBXFileReference; lastKnownFileType = sourcecode.swift; path = TabBarController.swift; sourceTree = "<group>"; };
		D9809C1C25DFD9D800DF52BF /* Button.swift */ = {isa = PBXFileReference; lastKnownFileType = sourcecode.swift; path = Button.swift; sourceTree = "<group>"; };
		D9809C4525E14EF300DF52BF /* GoogleService-Info.plist */ = {isa = PBXFileReference; fileEncoding = 4; lastKnownFileType = text.plist.xml; path = "GoogleService-Info.plist"; sourceTree = "<group>"; };
		D9B8BA1625FF5E5D001D91CD /* PlayerView.swift */ = {isa = PBXFileReference; lastKnownFileType = sourcecode.swift; path = PlayerView.swift; sourceTree = "<group>"; };
		D9B8BA1C2600582E001D91CD /* Meditat.entitlements */ = {isa = PBXFileReference; lastKnownFileType = text.plist.entitlements; path = Meditat.entitlements; sourceTree = "<group>"; };
		D9B8BA1D2600582F001D91CD /* AudioToolbox.framework */ = {isa = PBXFileReference; lastKnownFileType = wrapper.framework; name = AudioToolbox.framework; path = System/Library/Frameworks/AudioToolbox.framework; sourceTree = SDKROOT; };
/* End PBXFileReference section */

/* Begin PBXFrameworksBuildPhase section */
		D961250825DF7A2A00B80C42 /* Frameworks */ = {
			isa = PBXFrameworksBuildPhase;
			buildActionMask = 2147483647;
			files = (
				27A0B8D838547504F72D5B4B /* Pods_Meditat.framework in Frameworks */,
				D9B8BA1E2600582F001D91CD /* AudioToolbox.framework in Frameworks */,
			);
			runOnlyForDeploymentPostprocessing = 0;
		};
/* End PBXFrameworksBuildPhase section */

/* Begin PBXGroup section */
		591ABFD72A830CF73CAA18BA /* Frameworks */ = {
			isa = PBXGroup;
			children = (
				D9B8BA1D2600582F001D91CD /* AudioToolbox.framework */,
				D82678FC919EB33BA883C5DE /* Pods_Meditat.framework */,
			);
			name = Frameworks;
			sourceTree = "<group>";
		};
		5E9B2D74C4DCA2A1E8AF3921 /* Pods */ = {
			isa = PBXGroup;
			children = (
				1EDF643001249FD7277BC50A /* Pods-Meditat.debug.xcconfig */,
				40C5C875D9F047FB6D9E28CC /* Pods-Meditat.release.xcconfig */,
			);
			path = Pods;
			sourceTree = "<group>";
		};
		D93F4F9426748F2900F69C14 /* Congrats */ = {
			isa = PBXGroup;
			children = (
				D93F4F9526748F8A00F69C14 /* CongratsView.swift */,
				D93F4F982674A7A000F69C14 /* CongratsPresenter.swift */,
			);
			path = Congrats;
			sourceTree = "<group>";
		};
		D93F4F9C2676035000F69C14 /* Meditation */ = {
			isa = PBXGroup;
			children = (
				D961251225DF7A2A00B80C42 /* MeditationView.swift */,
			);
			path = Meditation;
			sourceTree = "<group>";
		};
		D93F4F9D2676035E00F69C14 /* Me */ = {
			isa = PBXGroup;
			children = (
				D9809C1025DF7E5200DF52BF /* MeView.swift */,
				D93F4FC526778A2600F69C14 /* MePresenter.swift */,
			);
			path = Me;
			sourceTree = "<group>";
		};
		D93F4F9E2676036700F69C14 /* Settings */ = {
			isa = PBXGroup;
			children = (
				D9809C1325DF7E9600DF52BF /* SettingsView.swift */,
			);
			path = Settings;
			sourceTree = "<group>";
		};
		D961250225DF7A2A00B80C42 = {
			isa = PBXGroup;
			children = (
				D961250D25DF7A2A00B80C42 /* Meditat */,
				D961250C25DF7A2A00B80C42 /* Products */,
				5E9B2D74C4DCA2A1E8AF3921 /* Pods */,
				591ABFD72A830CF73CAA18BA /* Frameworks */,
			);
			sourceTree = "<group>";
		};
		D961250C25DF7A2A00B80C42 /* Products */ = {
			isa = PBXGroup;
			children = (
				D961250B25DF7A2A00B80C42 /* Meditat.app */,
			);
			name = Products;
			sourceTree = "<group>";
		};
		D961250D25DF7A2A00B80C42 /* Meditat */ = {
			isa = PBXGroup;
			children = (
				D97C0F7D267B6BA0000CD444 /* Entities */,
				D9B8BA1C2600582E001D91CD /* Meditat.entitlements */,
				D961547C25E3E03600DF06FA /* Button */,
				D9809C1F25DFD9E100DF52BF /* Cells */,
				D9809C1A25DF899D00DF52BF /* TabViewController */,
				D9809C0E25DF7D9B00DF52BF /* RootViewControllers */,
				D961547125E3B97D00DF06FA /* ViewControllers */,
				D961250E25DF7A2A00B80C42 /* AppDelegate.swift */,
				D961251025DF7A2A00B80C42 /* SceneDelegate.swift */,
				D961251725DF7A3000B80C42 /* Assets.xcassets */,
				D961251925DF7A3000B80C42 /* LaunchScreen.storyboard */,
				D9809C4525E14EF300DF52BF /* GoogleService-Info.plist */,
				D961251C25DF7A3000B80C42 /* Info.plist */,
				D93F4FC12677723300F69C14 /* MeditatCoreData.xcdatamodeld */,
			);
			path = Meditat;
			sourceTree = "<group>";
		};
		D961547125E3B97D00DF06FA /* ViewControllers */ = {
			isa = PBXGroup;
			children = (
				D9B8BA1225FF5D8F001D91CD /* Subcategories */,
				D9B8BA1425FF5DE0001D91CD /* Player */,
				D93F4F9426748F2900F69C14 /* Congrats */,
			);
			path = ViewControllers;
			sourceTree = "<group>";
		};
		D961547C25E3E03600DF06FA /* Button */ = {
			isa = PBXGroup;
			children = (
				D9809C1C25DFD9D800DF52BF /* Button.swift */,
			);
			path = Button;
			sourceTree = "<group>";
		};
		D97C0F7D267B6BA0000CD444 /* Entities */ = {
			isa = PBXGroup;
			children = (
				D97C0F7E267B6BC0000CD444 /* SessionModel.swift */,
			);
			path = Entities;
			sourceTree = "<group>";
		};
		D9809C0E25DF7D9B00DF52BF /* RootViewControllers */ = {
			isa = PBXGroup;
			children = (
				D93F4F9C2676035000F69C14 /* Meditation */,
				D93F4F9D2676035E00F69C14 /* Me */,
				D93F4F9E2676036700F69C14 /* Settings */,
			);
			path = RootViewControllers;
			sourceTree = "<group>";
		};
		D9809C1A25DF899D00DF52BF /* TabViewController */ = {
			isa = PBXGroup;
			children = (
				D9809C1625DF7F7B00DF52BF /* TabBarController.swift */,
			);
			path = TabViewController;
			sourceTree = "<group>";
		};
		D9809C1F25DFD9E100DF52BF /* Cells */ = {
			isa = PBXGroup;
			children = (
				D961547D25E3E07800DF06FA /* TableViewCell.swift */,
			);
			path = Cells;
			sourceTree = "<group>";
		};
		D9B8BA1225FF5D8F001D91CD /* Subcategories */ = {
			isa = PBXGroup;
			children = (
				D961547225E3B9BE00DF06FA /* SubcategoryView.swift */,
				D961547625E3BADD00DF06FA /* SubcatModel.swift */,
			);
			path = Subcategories;
			sourceTree = "<group>";
		};
		D9B8BA1425FF5DE0001D91CD /* Player */ = {
			isa = PBXGroup;
			children = (
				D9B8BA1625FF5E5D001D91CD /* PlayerView.swift */,
				D903B4192662100D001FD7EA /* PlayerPresenter.swift */,
			);
			path = Player;
			sourceTree = "<group>";
		};
/* End PBXGroup section */

/* Begin PBXNativeTarget section */
		D961250A25DF7A2A00B80C42 /* Meditat */ = {
			isa = PBXNativeTarget;
			buildConfigurationList = D961251F25DF7A3000B80C42 /* Build configuration list for PBXNativeTarget "Meditat" */;
			buildPhases = (
				CC5462829F46AFD865A23C04 /* [CP] Check Pods Manifest.lock */,
				D961250725DF7A2A00B80C42 /* Sources */,
				D961250825DF7A2A00B80C42 /* Frameworks */,
				D961250925DF7A2A00B80C42 /* Resources */,
				1B3C42DB9C59E968FC566D9C /* [CP] Embed Pods Frameworks */,
			);
			buildRules = (
			);
			dependencies = (
			);
			name = Meditat;
			productName = Meditat;
			productReference = D961250B25DF7A2A00B80C42 /* Meditat.app */;
			productType = "com.apple.product-type.application";
		};
/* End PBXNativeTarget section */

/* Begin PBXProject section */
		D961250325DF7A2A00B80C42 /* Project object */ = {
			isa = PBXProject;
			attributes = {
				LastSwiftUpdateCheck = 1240;
				LastUpgradeCheck = 1240;
				TargetAttributes = {
					D961250A25DF7A2A00B80C42 = {
						CreatedOnToolsVersion = 12.4;
					};
				};
			};
			buildConfigurationList = D961250625DF7A2A00B80C42 /* Build configuration list for PBXProject "Meditat" */;
			compatibilityVersion = "Xcode 9.3";
			developmentRegion = en;
			hasScannedForEncodings = 0;
			knownRegions = (
				en,
				Base,
			);
			mainGroup = D961250225DF7A2A00B80C42;
			productRefGroup = D961250C25DF7A2A00B80C42 /* Products */;
			projectDirPath = "";
			projectRoot = "";
			targets = (
				D961250A25DF7A2A00B80C42 /* Meditat */,
			);
		};
/* End PBXProject section */

/* Begin PBXResourcesBuildPhase section */
		D961250925DF7A2A00B80C42 /* Resources */ = {
			isa = PBXResourcesBuildPhase;
			buildActionMask = 2147483647;
			files = (
				D961251B25DF7A3000B80C42 /* LaunchScreen.storyboard in Resources */,
				D961251825DF7A3000B80C42 /* Assets.xcassets in Resources */,
				D9809C4625E14EF300DF52BF /* GoogleService-Info.plist in Resources */,
			);
			runOnlyForDeploymentPostprocessing = 0;
		};
/* End PBXResourcesBuildPhase section */

/* Begin PBXShellScriptBuildPhase section */
		1B3C42DB9C59E968FC566D9C /* [CP] Embed Pods Frameworks */ = {
			isa = PBXShellScriptBuildPhase;
			buildActionMask = 2147483647;
			files = (
			);
			inputFileListPaths = (
				"${PODS_ROOT}/Target Support Files/Pods-Meditat/Pods-Meditat-frameworks-${CONFIGURATION}-input-files.xcfilelist",
			);
			name = "[CP] Embed Pods Frameworks";
			outputFileListPaths = (
				"${PODS_ROOT}/Target Support Files/Pods-Meditat/Pods-Meditat-frameworks-${CONFIGURATION}-output-files.xcfilelist",
			);
			runOnlyForDeploymentPostprocessing = 0;
			shellPath = /bin/sh;
			shellScript = "\"${PODS_ROOT}/Target Support Files/Pods-Meditat/Pods-Meditat-frameworks.sh\"\n";
			showEnvVarsInLog = 0;
		};
		CC5462829F46AFD865A23C04 /* [CP] Check Pods Manifest.lock */ = {
			isa = PBXShellScriptBuildPhase;
			buildActionMask = 2147483647;
			files = (
			);
			inputFileListPaths = (
			);
			inputPaths = (
				"${PODS_PODFILE_DIR_PATH}/Podfile.lock",
				"${PODS_ROOT}/Manifest.lock",
			);
			name = "[CP] Check Pods Manifest.lock";
			outputFileListPaths = (
			);
			outputPaths = (
				"$(DERIVED_FILE_DIR)/Pods-Meditat-checkManifestLockResult.txt",
			);
			runOnlyForDeploymentPostprocessing = 0;
			shellPath = /bin/sh;
			shellScript = "diff \"${PODS_PODFILE_DIR_PATH}/Podfile.lock\" \"${PODS_ROOT}/Manifest.lock\" > /dev/null\nif [ $? != 0 ] ; then\n    # print error to STDERR\n    echo \"error: The sandbox is not in sync with the Podfile.lock. Run 'pod install' or update your CocoaPods installation.\" >&2\n    exit 1\nfi\n# This output is used by Xcode 'outputs' to avoid re-running this script phase.\necho \"SUCCESS\" > \"${SCRIPT_OUTPUT_FILE_0}\"\n";
			showEnvVarsInLog = 0;
		};
/* End PBXShellScriptBuildPhase section */

/* Begin PBXSourcesBuildPhase section */
		D961250725DF7A2A00B80C42 /* Sources */ = {
			isa = PBXSourcesBuildPhase;
			buildActionMask = 2147483647;
			files = (
				D9809C1125DF7E5200DF52BF /* MeView.swift in Sources */,
				D93F4F992674A7A000F69C14 /* CongratsPresenter.swift in Sources */,
				D961251325DF7A2A00B80C42 /* MeditationView.swift in Sources */,
				D9809C1D25DFD9D800DF52BF /* Button.swift in Sources */,
				D961250F25DF7A2A00B80C42 /* AppDelegate.swift in Sources */,
				D9809C1725DF7F7B00DF52BF /* TabBarController.swift in Sources */,
				D93F4FC626778A2600F69C14 /* MePresenter.swift in Sources */,
				D961547E25E3E07800DF06FA /* TableViewCell.swift in Sources */,
				D961251125DF7A2A00B80C42 /* SceneDelegate.swift in Sources */,
				D9809C1425DF7E9600DF52BF /* SettingsView.swift in Sources */,
				D93F4FC32677723300F69C14 /* MeditatCoreData.xcdatamodeld in Sources */,
				D961547325E3B9BE00DF06FA /* SubcategoryView.swift in Sources */,
				D903B41A2662100D001FD7EA /* PlayerPresenter.swift in Sources */,
				D961547725E3BADD00DF06FA /* SubcatModel.swift in Sources */,
				D93F4F9626748F8A00F69C14 /* CongratsView.swift in Sources */,
				D97C0F7F267B6BC0000CD444 /* SessionModel.swift in Sources */,
				D9B8BA1725FF5E5D001D91CD /* PlayerView.swift in Sources */,
			);
			runOnlyForDeploymentPostprocessing = 0;
		};
/* End PBXSourcesBuildPhase section */

/* Begin PBXVariantGroup section */
		D961251925DF7A3000B80C42 /* LaunchScreen.storyboard */ = {
			isa = PBXVariantGroup;
			children = (
				D961251A25DF7A3000B80C42 /* Base */,
			);
			name = LaunchScreen.storyboard;
			sourceTree = "<group>";
		};
/* End PBXVariantGroup section */

/* Begin XCBuildConfiguration section */
		D961251D25DF7A3000B80C42 /* Debug */ = {
			isa = XCBuildConfiguration;
			buildSettings = {
				ALWAYS_SEARCH_USER_PATHS = NO;
				CLANG_ANALYZER_NONNULL = YES;
				CLANG_ANALYZER_NUMBER_OBJECT_CONVERSION = YES_AGGRESSIVE;
				CLANG_CXX_LANGUAGE_STANDARD = "gnu++14";
				CLANG_CXX_LIBRARY = "libc++";
				CLANG_ENABLE_MODULES = YES;
				CLANG_ENABLE_OBJC_ARC = YES;
				CLANG_ENABLE_OBJC_WEAK = YES;
				CLANG_WARN_BLOCK_CAPTURE_AUTORELEASING = YES;
				CLANG_WARN_BOOL_CONVERSION = YES;
				CLANG_WARN_COMMA = YES;
				CLANG_WARN_CONSTANT_CONVERSION = YES;
				CLANG_WARN_DEPRECATED_OBJC_IMPLEMENTATIONS = YES;
				CLANG_WARN_DIRECT_OBJC_ISA_USAGE = YES_ERROR;
				CLANG_WARN_DOCUMENTATION_COMMENTS = YES;
				CLANG_WARN_EMPTY_BODY = YES;
				CLANG_WARN_ENUM_CONVERSION = YES;
				CLANG_WARN_INFINITE_RECURSION = YES;
				CLANG_WARN_INT_CONVERSION = YES;
				CLANG_WARN_NON_LITERAL_NULL_CONVERSION = YES;
				CLANG_WARN_OBJC_IMPLICIT_RETAIN_SELF = YES;
				CLANG_WARN_OBJC_LITERAL_CONVERSION = YES;
				CLANG_WARN_OBJC_ROOT_CLASS = YES_ERROR;
				CLANG_WARN_QUOTED_INCLUDE_IN_FRAMEWORK_HEADER = YES;
				CLANG_WARN_RANGE_LOOP_ANALYSIS = YES;
				CLANG_WARN_STRICT_PROTOTYPES = YES;
				CLANG_WARN_SUSPICIOUS_MOVE = YES;
				CLANG_WARN_UNGUARDED_AVAILABILITY = YES_AGGRESSIVE;
				CLANG_WARN_UNREACHABLE_CODE = YES;
				CLANG_WARN__DUPLICATE_METHOD_MATCH = YES;
				COPY_PHASE_STRIP = NO;
				DEBUG_INFORMATION_FORMAT = dwarf;
				ENABLE_STRICT_OBJC_MSGSEND = YES;
				ENABLE_TESTABILITY = YES;
				GCC_C_LANGUAGE_STANDARD = gnu11;
				GCC_DYNAMIC_NO_PIC = NO;
				GCC_NO_COMMON_BLOCKS = YES;
				GCC_OPTIMIZATION_LEVEL = 0;
				GCC_PREPROCESSOR_DEFINITIONS = (
					"DEBUG=1",
					"$(inherited)",
				);
				GCC_WARN_64_TO_32_BIT_CONVERSION = YES;
				GCC_WARN_ABOUT_RETURN_TYPE = YES_ERROR;
				GCC_WARN_UNDECLARED_SELECTOR = YES;
				GCC_WARN_UNINITIALIZED_AUTOS = YES_AGGRESSIVE;
				GCC_WARN_UNUSED_FUNCTION = YES;
				GCC_WARN_UNUSED_VARIABLE = YES;
				IPHONEOS_DEPLOYMENT_TARGET = 14.4;
				MTL_ENABLE_DEBUG_INFO = INCLUDE_SOURCE;
				MTL_FAST_MATH = YES;
				ONLY_ACTIVE_ARCH = YES;
				SDKROOT = iphoneos;
				SWIFT_ACTIVE_COMPILATION_CONDITIONS = DEBUG;
				SWIFT_OPTIMIZATION_LEVEL = "-Onone";
			};
			name = Debug;
		};
		D961251E25DF7A3000B80C42 /* Release */ = {
			isa = XCBuildConfiguration;
			buildSettings = {
				ALWAYS_SEARCH_USER_PATHS = NO;
				CLANG_ANALYZER_NONNULL = YES;
				CLANG_ANALYZER_NUMBER_OBJECT_CONVERSION = YES_AGGRESSIVE;
				CLANG_CXX_LANGUAGE_STANDARD = "gnu++14";
				CLANG_CXX_LIBRARY = "libc++";
				CLANG_ENABLE_MODULES = YES;
				CLANG_ENABLE_OBJC_ARC = YES;
				CLANG_ENABLE_OBJC_WEAK = YES;
				CLANG_WARN_BLOCK_CAPTURE_AUTORELEASING = YES;
				CLANG_WARN_BOOL_CONVERSION = YES;
				CLANG_WARN_COMMA = YES;
				CLANG_WARN_CONSTANT_CONVERSION = YES;
				CLANG_WARN_DEPRECATED_OBJC_IMPLEMENTATIONS = YES;
				CLANG_WARN_DIRECT_OBJC_ISA_USAGE = YES_ERROR;
				CLANG_WARN_DOCUMENTATION_COMMENTS = YES;
				CLANG_WARN_EMPTY_BODY = YES;
				CLANG_WARN_ENUM_CONVERSION = YES;
				CLANG_WARN_INFINITE_RECURSION = YES;
				CLANG_WARN_INT_CONVERSION = YES;
				CLANG_WARN_NON_LITERAL_NULL_CONVERSION = YES;
				CLANG_WARN_OBJC_IMPLICIT_RETAIN_SELF = YES;
				CLANG_WARN_OBJC_LITERAL_CONVERSION = YES;
				CLANG_WARN_OBJC_ROOT_CLASS = YES_ERROR;
				CLANG_WARN_QUOTED_INCLUDE_IN_FRAMEWORK_HEADER = YES;
				CLANG_WARN_RANGE_LOOP_ANALYSIS = YES;
				CLANG_WARN_STRICT_PROTOTYPES = YES;
				CLANG_WARN_SUSPICIOUS_MOVE = YES;
				CLANG_WARN_UNGUARDED_AVAILABILITY = YES_AGGRESSIVE;
				CLANG_WARN_UNREACHABLE_CODE = YES;
				CLANG_WARN__DUPLICATE_METHOD_MATCH = YES;
				COPY_PHASE_STRIP = NO;
				DEBUG_INFORMATION_FORMAT = "dwarf-with-dsym";
				ENABLE_NS_ASSERTIONS = NO;
				ENABLE_STRICT_OBJC_MSGSEND = YES;
				GCC_C_LANGUAGE_STANDARD = gnu11;
				GCC_NO_COMMON_BLOCKS = YES;
				GCC_WARN_64_TO_32_BIT_CONVERSION = YES;
				GCC_WARN_ABOUT_RETURN_TYPE = YES_ERROR;
				GCC_WARN_UNDECLARED_SELECTOR = YES;
				GCC_WARN_UNINITIALIZED_AUTOS = YES_AGGRESSIVE;
				GCC_WARN_UNUSED_FUNCTION = YES;
				GCC_WARN_UNUSED_VARIABLE = YES;
				IPHONEOS_DEPLOYMENT_TARGET = 14.4;
				MTL_ENABLE_DEBUG_INFO = NO;
				MTL_FAST_MATH = YES;
				SDKROOT = iphoneos;
				SWIFT_COMPILATION_MODE = wholemodule;
				SWIFT_OPTIMIZATION_LEVEL = "-O";
				VALIDATE_PRODUCT = YES;
			};
			name = Release;
		};
		D961252025DF7A3000B80C42 /* Debug */ = {
			isa = XCBuildConfiguration;
			baseConfigurationReference = 1EDF643001249FD7277BC50A /* Pods-Meditat.debug.xcconfig */;
			buildSettings = {
				ASSETCATALOG_COMPILER_APPICON_NAME = AppIcon;
				ASSETCATALOG_COMPILER_GLOBAL_ACCENT_COLOR_NAME = AccentColor;
				CODE_SIGN_ENTITLEMENTS = Meditat/Meditat.entitlements;
				CODE_SIGN_STYLE = Automatic;
				DEVELOPMENT_TEAM = AYMCPRG445;
				INFOPLIST_FILE = Meditat/Info.plist;
				IPHONEOS_DEPLOYMENT_TARGET = 13.0;
				LD_RUNPATH_SEARCH_PATHS = (
					"$(inherited)",
					"@executable_path/Frameworks",
				);
				PRODUCT_BUNDLE_IDENTIFIER = "Alexey-Kirpichnikov.Meditat";
				PRODUCT_NAME = "$(TARGET_NAME)";
				SWIFT_VERSION = 5.0;
				TARGETED_DEVICE_FAMILY = "1,2";
			};
			name = Debug;
		};
		D961252125DF7A3000B80C42 /* Release */ = {
			isa = XCBuildConfiguration;
			baseConfigurationReference = 40C5C875D9F047FB6D9E28CC /* Pods-Meditat.release.xcconfig */;
			buildSettings = {
				ASSETCATALOG_COMPILER_APPICON_NAME = AppIcon;
				ASSETCATALOG_COMPILER_GLOBAL_ACCENT_COLOR_NAME = AccentColor;
				CODE_SIGN_ENTITLEMENTS = Meditat/Meditat.entitlements;
				CODE_SIGN_STYLE = Automatic;
				DEVELOPMENT_TEAM = AYMCPRG445;
				INFOPLIST_FILE = Meditat/Info.plist;
				IPHONEOS_DEPLOYMENT_TARGET = 13.0;
				LD_RUNPATH_SEARCH_PATHS = (
					"$(inherited)",
					"@executable_path/Frameworks",
				);
				PRODUCT_BUNDLE_IDENTIFIER = "Alexey-Kirpichnikov.Meditat";
				PRODUCT_NAME = "$(TARGET_NAME)";
				SWIFT_VERSION = 5.0;
				TARGETED_DEVICE_FAMILY = "1,2";
			};
			name = Release;
		};
/* End XCBuildConfiguration section */

/* Begin XCConfigurationList section */
		D961250625DF7A2A00B80C42 /* Build configuration list for PBXProject "Meditat" */ = {
			isa = XCConfigurationList;
			buildConfigurations = (
				D961251D25DF7A3000B80C42 /* Debug */,
				D961251E25DF7A3000B80C42 /* Release */,
			);
			defaultConfigurationIsVisible = 0;
			defaultConfigurationName = Release;
		};
		D961251F25DF7A3000B80C42 /* Build configuration list for PBXNativeTarget "Meditat" */ = {
			isa = XCConfigurationList;
			buildConfigurations = (
				D961252025DF7A3000B80C42 /* Debug */,
				D961252125DF7A3000B80C42 /* Release */,
			);
			defaultConfigurationIsVisible = 0;
			defaultConfigurationName = Release;
		};
/* End XCConfigurationList section */

/* Begin XCVersionGroup section */
		D93F4FC12677723300F69C14 /* MeditatCoreData.xcdatamodeld */ = {
			isa = XCVersionGroup;
			children = (
				D93F4FC22677723300F69C14 /* MeditatCoreData.xcdatamodel */,
			);
			currentVersion = D93F4FC22677723300F69C14 /* MeditatCoreData.xcdatamodel */;
			path = MeditatCoreData.xcdatamodeld;
			sourceTree = "<group>";
			versionGroupType = wrapper.xcdatamodel;
		};
/* End XCVersionGroup section */
	};
	rootObject = D961250325DF7A2A00B80C42 /* Project object */;
}
